// !$*UTF8*$!
{
	archiveVersion = 1;
	classes = {
	};
	objectVersion = 46;
	objects = {

/* Begin PBXBuildFile section */
		939EF9491E77C62600D7AA50 /* AppDelegate.m in Sources */ = {isa = PBXBuildFile; fileRef = 939EF93D1E77C62600D7AA50 /* AppDelegate.m */; };
		939EF94A1E77C62600D7AA50 /* Assets.xcassets in Resources */ = {isa = PBXBuildFile; fileRef = 939EF93E1E77C62600D7AA50 /* Assets.xcassets */; };
		939EF94B1E77C62600D7AA50 /* LaunchScreen.storyboard in Resources */ = {isa = PBXBuildFile; fileRef = 939EF93F1E77C62600D7AA50 /* LaunchScreen.storyboard */; };
		939EF94C1E77C62600D7AA50 /* Main.storyboard in Resources */ = {isa = PBXBuildFile; fileRef = 939EF9411E77C62600D7AA50 /* Main.storyboard */; };
		939EF94D1E77C62600D7AA50 /* HTTPService.m in Sources */ = {isa = PBXBuildFile; fileRef = 939EF9441E77C62600D7AA50 /* HTTPService.m */; };
		939EF94E1E77C62600D7AA50 /* Info.plist in Resources */ = {isa = PBXBuildFile; fileRef = 939EF9451E77C62600D7AA50 /* Info.plist */; };
		939EF94F1E77C62600D7AA50 /* main.m in Sources */ = {isa = PBXBuildFile; fileRef = 939EF9461E77C62600D7AA50 /* main.m */; };
		939EF9501E77C62600D7AA50 /* ViewController.m in Sources */ = {isa = PBXBuildFile; fileRef = 939EF9481E77C62600D7AA50 /* ViewController.m */; };
		939EF9551E77C6BF00D7AA50 /* VideoCell.m in Sources */ = {isa = PBXBuildFile; fileRef = 939EF9541E77C6BF00D7AA50 /* VideoCell.m */; };
		939EF95B1E77D6A800D7AA50 /* Video.m in Sources */ = {isa = PBXBuildFile; fileRef = 939EF95A1E77D6A800D7AA50 /* Video.m */; };
/* End PBXBuildFile section */

/* Begin PBXFileReference section */
		938518731E764C6C00B82524 /* TutorialOBJC.app */ = {isa = PBXFileReference; explicitFileType = wrapper.application; includeInIndex = 0; path = TutorialOBJC.app; sourceTree = BUILT_PRODUCTS_DIR; };
		939EF93C1E77C62600D7AA50 /* AppDelegate.h */ = {isa = PBXFileReference; fileEncoding = 4; lastKnownFileType = sourcecode.c.h; path = AppDelegate.h; sourceTree = "<group>"; };
		939EF93D1E77C62600D7AA50 /* AppDelegate.m */ = {isa = PBXFileReference; fileEncoding = 4; lastKnownFileType = sourcecode.c.objc; path = AppDelegate.m; sourceTree = "<group>"; };
		939EF93E1E77C62600D7AA50 /* Assets.xcassets */ = {isa = PBXFileReference; lastKnownFileType = folder.assetcatalog; path = Assets.xcassets; sourceTree = "<group>"; };
		939EF9401E77C62600D7AA50 /* Base */ = {isa = PBXFileReference; lastKnownFileType = file.storyboard; name = Base; path = Base.lproj/LaunchScreen.storyboard; sourceTree = "<group>"; };
		939EF9421E77C62600D7AA50 /* Base */ = {isa = PBXFileReference; lastKnownFileType = file.storyboard; name = Base; path = Base.lproj/Main.storyboard; sourceTree = "<group>"; };
		939EF9431E77C62600D7AA50 /* HTTPService.h */ = {isa = PBXFileReference; fileEncoding = 4; lastKnownFileType = sourcecode.c.h; path = HTTPService.h; sourceTree = "<group>"; };
		939EF9441E77C62600D7AA50 /* HTTPService.m */ = {isa = PBXFileReference; fileEncoding = 4; lastKnownFileType = sourcecode.c.objc; path = HTTPService.m; sourceTree = "<group>"; };
		939EF9451E77C62600D7AA50 /* Info.plist */ = {isa = PBXFileReference; fileEncoding = 4; lastKnownFileType = text.plist.xml; path = Info.plist; sourceTree = "<group>"; };
		939EF9461E77C62600D7AA50 /* main.m */ = {isa = PBXFileReference; fileEncoding = 4; lastKnownFileType = sourcecode.c.objc; path = main.m; sourceTree = "<group>"; };
		939EF9471E77C62600D7AA50 /* ViewController.h */ = {isa = PBXFileReference; fileEncoding = 4; lastKnownFileType = sourcecode.c.h; path = ViewController.h; sourceTree = "<group>"; };
		939EF9481E77C62600D7AA50 /* ViewController.m */ = {isa = PBXFileReference; fileEncoding = 4; lastKnownFileType = sourcecode.c.objc; path = ViewController.m; sourceTree = "<group>"; };
		939EF9531E77C6BF00D7AA50 /* VideoCell.h */ = {isa = PBXFileReference; fileEncoding = 4; lastKnownFileType = sourcecode.c.h; path = VideoCell.h; sourceTree = "<group>"; };
		939EF9541E77C6BF00D7AA50 /* VideoCell.m */ = {isa = PBXFileReference; fileEncoding = 4; lastKnownFileType = sourcecode.c.objc; path = VideoCell.m; sourceTree = "<group>"; };
		939EF9591E77D6A800D7AA50 /* Video.h */ = {isa = PBXFileReference; fileEncoding = 4; lastKnownFileType = sourcecode.c.h; path = Video.h; sourceTree = "<group>"; };
		939EF95A1E77D6A800D7AA50 /* Video.m */ = {isa = PBXFileReference; fileEncoding = 4; lastKnownFileType = sourcecode.c.objc; path = Video.m; sourceTree = "<group>"; };
/* End PBXFileReference section */

/* Begin PBXFrameworksBuildPhase section */
		938518701E764C6C00B82524 /* Frameworks */ = {
			isa = PBXFrameworksBuildPhase;
			buildActionMask = 2147483647;
			files = (
			);
			runOnlyForDeploymentPostprocessing = 0;
		};
/* End PBXFrameworksBuildPhase section */

/* Begin PBXGroup section */
		9385186A1E764C6C00B82524 = {
			isa = PBXGroup;
			children = (
				939EF93B1E77C62600D7AA50 /* TutorialOBJC */,
				938518741E764C6C00B82524 /* Products */,
			);
			sourceTree = "<group>";
		};
		938518741E764C6C00B82524 /* Products */ = {
			isa = PBXGroup;
			children = (
				938518731E764C6C00B82524 /* TutorialOBJC.app */,
			);
			name = Products;
			sourceTree = "<group>";
		};
		939EF93B1E77C62600D7AA50 /* TutorialOBJC */ = {
			isa = PBXGroup;
			children = (
				939EF9581E77D68300D7AA50 /* model */,
				939EF9571E77C6EE00D7AA50 /* supportingfiles */,
				939EF9561E77C6D900D7AA50 /* controller */,
				939EF9521E77C64700D7AA50 /* view */,
				939EF9511E77C62C00D7AA50 /* service */,
			);
			path = TutorialOBJC;
			sourceTree = "<group>";
		};
		939EF9511E77C62C00D7AA50 /* service */ = {
			isa = PBXGroup;
			children = (
				939EF9431E77C62600D7AA50 /* HTTPService.h */,
				939EF9441E77C62600D7AA50 /* HTTPService.m */,
			);
			name = service;
			sourceTree = "<group>";
		};
		939EF9521E77C64700D7AA50 /* view */ = {
			isa = PBXGroup;
			children = (
				939EF93F1E77C62600D7AA50 /* LaunchScreen.storyboard */,
				939EF9411E77C62600D7AA50 /* Main.storyboard */,
				939EF9531E77C6BF00D7AA50 /* VideoCell.h */,
				939EF9541E77C6BF00D7AA50 /* VideoCell.m */,
			);
			name = view;
			sourceTree = "<group>";
		};
		939EF9561E77C6D900D7AA50 /* controller */ = {
			isa = PBXGroup;
			children = (
				939EF9471E77C62600D7AA50 /* ViewController.h */,
				939EF9481E77C62600D7AA50 /* ViewController.m */,
			);
			name = controller;
			sourceTree = "<group>";
		};
		939EF9571E77C6EE00D7AA50 /* supportingfiles */ = {
			isa = PBXGroup;
			children = (
				939EF93C1E77C62600D7AA50 /* AppDelegate.h */,
				939EF93D1E77C62600D7AA50 /* AppDelegate.m */,
				939EF93E1E77C62600D7AA50 /* Assets.xcassets */,
				939EF9451E77C62600D7AA50 /* Info.plist */,
				939EF9461E77C62600D7AA50 /* main.m */,
			);
			name = supportingfiles;
			sourceTree = "<group>";
		};
		939EF9581E77D68300D7AA50 /* model */ = {
			isa = PBXGroup;
			children = (
				939EF9591E77D6A800D7AA50 /* Video.h */,
				939EF95A1E77D6A800D7AA50 /* Video.m */,
			);
			name = model;
			sourceTree = "<group>";
		};
/* End PBXGroup section */

/* Begin PBXNativeTarget section */
		938518721E764C6C00B82524 /* TutorialOBJC */ = {
			isa = PBXNativeTarget;
			buildConfigurationList = 9385188A1E764C6C00B82524 /* Build configuration list for PBXNativeTarget "TutorialOBJC" */;
			buildPhases = (
				9385186F1E764C6C00B82524 /* Sources */,
				938518701E764C6C00B82524 /* Frameworks */,
				938518711E764C6C00B82524 /* Resources */,
			);
			buildRules = (
			);
			dependencies = (
			);
			name = TutorialOBJC;
			productName = TutorialOBJC;
			productReference = 938518731E764C6C00B82524 /* TutorialOBJC.app */;
			productType = "com.apple.product-type.application";
		};
/* End PBXNativeTarget section */

/* Begin PBXProject section */
		9385186B1E764C6C00B82524 /* Project object */ = {
			isa = PBXProject;
			attributes = {
				LastUpgradeCheck = 0820;
				ORGANIZATIONNAME = "Nem Sothea";
				TargetAttributes = {
					938518721E764C6C00B82524 = {
						CreatedOnToolsVersion = 8.2.1;
						ProvisioningStyle = Automatic;
					};
				};
			};
			buildConfigurationList = 9385186E1E764C6C00B82524 /* Build configuration list for PBXProject "TutorialOBJC" */;
			compatibilityVersion = "Xcode 3.2";
			developmentRegion = English;
			hasScannedForEncodings = 0;
			knownRegions = (
				en,
				Base,
			);
			mainGroup = 9385186A1E764C6C00B82524;
			productRefGroup = 938518741E764C6C00B82524 /* Products */;
			projectDirPath = "";
			projectRoot = "";
			targets = (
				938518721E764C6C00B82524 /* TutorialOBJC */,
			);
		};
/* End PBXProject section */

/* Begin PBXResourcesBuildPhase section */
		938518711E764C6C00B82524 /* Resources */ = {
			isa = PBXResourcesBuildPhase;
			buildActionMask = 2147483647;
			files = (
				939EF94E1E77C62600D7AA50 /* Info.plist in Resources */,
				939EF94C1E77C62600D7AA50 /* Main.storyboard in Resources */,
				939EF94A1E77C62600D7AA50 /* Assets.xcassets in Resources */,
				939EF94B1E77C62600D7AA50 /* LaunchScreen.storyboard in Resources */,
			);
			runOnlyForDeploymentPostprocessing = 0;
		};
/* End PBXResourcesBuildPhase section */

/* Begin PBXSourcesBuildPhase section */
		9385186F1E764C6C00B82524 /* Sources */ = {
			isa = PBXSourcesBuildPhase;
			buildActionMask = 2147483647;
			files = (
				939EF9491E77C62600D7AA50 /* AppDelegate.m in Sources */,
				939EF9551E77C6BF00D7AA50 /* VideoCell.m in Sources */,
				939EF94F1E77C62600D7AA50 /* main.m in Sources */,
				939EF95B1E77D6A800D7AA50 /* Video.m in Sources */,
				939EF9501E77C62600D7AA50 /* ViewController.m in Sources */,
				939EF94D1E77C62600D7AA50 /* HTTPService.m in Sources */,
			);
			runOnlyForDeploymentPostprocessing = 0;
		};
/* End PBXSourcesBuildPhase section */

/* Begin PBXVariantGroup section */
		939EF93F1E77C62600D7AA50 /* LaunchScreen.storyboard */ = {
			isa = PBXVariantGroup;
			children = (
				939EF9401E77C62600D7AA50 /* Base */,
			);
			name = LaunchScreen.storyboard;
			sourceTree = "<group>";
		};
		939EF9411E77C62600D7AA50 /* Main.storyboard */ = {
			isa = PBXVariantGroup;
			children = (
				939EF9421E77C62600D7AA50 /* Base */,
			);
			name = Main.storyboard;
			sourceTree = "<group>";
		};
/* End PBXVariantGroup section */

/* Begin XCBuildConfiguration section */
		938518881E764C6C00B82524 /* Debug */ = {
			isa = XCBuildConfiguration;
			buildSettings = {
				ALWAYS_SEARCH_USER_PATHS = NO;
				CLANG_ANALYZER_NONNULL = YES;
				CLANG_CXX_LANGUAGE_STANDARD = "gnu++0x";
				CLANG_CXX_LIBRARY = "libc++";
				CLANG_ENABLE_MODULES = YES;
				CLANG_ENABLE_OBJC_ARC = YES;
				CLANG_WARN_BOOL_CONVERSION = YES;
				CLANG_WARN_CONSTANT_CONVERSION = YES;
				CLANG_WARN_DIRECT_OBJC_ISA_USAGE = YES_ERROR;
				CLANG_WARN_DOCUMENTATION_COMMENTS = YES;
				CLANG_WARN_EMPTY_BODY = YES;
				CLANG_WARN_ENUM_CONVERSION = YES;
				CLANG_WARN_INFINITE_RECURSION = YES;
				CLANG_WARN_INT_CONVERSION = YES;
				CLANG_WARN_OBJC_ROOT_CLASS = YES_ERROR;
				CLANG_WARN_SUSPICIOUS_MOVE = YES;
				CLANG_WARN_UNREACHABLE_CODE = YES;
				CLANG_WARN__DUPLICATE_METHOD_MATCH = YES;
				"CODE_SIGN_IDENTITY[sdk=iphoneos*]" = "iPhone Developer";
				COPY_PHASE_STRIP = NO;
				DEBUG_INFORMATION_FORMAT = dwarf;
				ENABLE_STRICT_OBJC_MSGSEND = YES;
				ENABLE_TESTABILITY = YES;
				GCC_C_LANGUAGE_STANDARD = gnu99;
				GCC_DYNAMIC_NO_PIC = NO;
				GCC_NO_COMMON_BLOCKS = YES;
				GCC_OPTIMIZATION_LEVEL = 0;
				GCC_PREPROCESSOR_DEFINITIONS = (
					"DEBUG=1",
					"$(inherited)",
				);
				GCC_WARN_64_TO_32_BIT_CONVERSION = YES;
				GCC_WARN_ABOUT_RETURN_TYPE = YES_ERROR;
				GCC_WARN_UNDECLARED_SELECTOR = YES;
				GCC_WARN_UNINITIALIZED_AUTOS = YES_AGGRESSIVE;
				GCC_WARN_UNUSED_FUNCTION = YES;
				GCC_WARN_UNUSED_VARIABLE = YES;
				IPHONEOS_DEPLOYMENT_TARGET = 10.2;
				MTL_ENABLE_DEBUG_INFO = YES;
				ONLY_ACTIVE_ARCH = YES;
				SDKROOT = iphoneos;
				TARGETED_DEVICE_FAMILY = "1,2";
			};
			name = Debug;
		};
		938518891E764C6C00B82524 /* Release */ = {
			isa = XCBuildConfiguration;
			buildSettings = {
				ALWAYS_SEARCH_USER_PATHS = NO;
				CLANG_ANALYZER_NONNULL = YES;
				CLANG_CXX_LANGUAGE_STANDARD = "gnu++0x";
				CLANG_CXX_LIBRARY = "libc++";
				CLANG_ENABLE_MODULES = YES;
				CLANG_ENABLE_OBJC_ARC = YES;
				CLANG_WARN_BOOL_CONVERSION = YES;
				CLANG_WARN_CONSTANT_CONVERSION = YES;
				CLANG_WARN_DIRECT_OBJC_ISA_USAGE = YES_ERROR;
				CLANG_WARN_DOCUMENTATION_COMMENTS = YES;
				CLANG_WARN_EMPTY_BODY = YES;
				CLANG_WARN_ENUM_CONVERSION = YES;
				CLANG_WARN_INFINITE_RECURSION = YES;
				CLANG_WARN_INT_CONVERSION = YES;
				CLANG_WARN_OBJC_ROOT_CLASS = YES_ERROR;
				CLANG_WARN_SUSPICIOUS_MOVE = YES;
				CLANG_WARN_UNREACHABLE_CODE = YES;
				CLANG_WARN__DUPLICATE_METHOD_MATCH = YES;
				"CODE_SIGN_IDENTITY[sdk=iphoneos*]" = "iPhone Developer";
				COPY_PHASE_STRIP = NO;
				DEBUG_INFORMATION_FORMAT = "dwarf-with-dsym";
				ENABLE_NS_ASSERTIONS = NO;
				ENABLE_STRICT_OBJC_MSGSEND = YES;
				GCC_C_LANGUAGE_STANDARD = gnu99;
				GCC_NO_COMMON_BLOCKS = YES;
				GCC_WARN_64_TO_32_BIT_CONVERSION = YES;
				GCC_WARN_ABOUT_RETURN_TYPE = YES_ERROR;
				GCC_WARN_UNDECLARED_SELECTOR = YES;
				GCC_WARN_UNINITIALIZED_AUTOS = YES_AGGRESSIVE;
				GCC_WARN_UNUSED_FUNCTION = YES;
				GCC_WARN_UNUSED_VARIABLE = YES;
				IPHONEOS_DEPLOYMENT_TARGET = 10.2;
				MTL_ENABLE_DEBUG_INFO = NO;
				SDKROOT = iphoneos;
				TARGETED_DEVICE_FAMILY = "1,2";
				VALIDATE_PRODUCT = YES;
			};
			name = Release;
		};
		9385188B1E764C6C00B82524 /* Debug */ = {
			isa = XCBuildConfiguration;
			buildSettings = {
				ASSETCATALOG_COMPILER_APPICON_NAME = AppIcon;
				INFOPLIST_FILE = TutorialOBJC/Info.plist;
				LD_RUNPATH_SEARCH_PATHS = "$(inherited) @executable_path/Frameworks";
				PRODUCT_BUNDLE_IDENTIFIER = kosign.TutorialOBJC;
				PRODUCT_NAME = "$(TARGET_NAME)";
			};
			name = Debug;
		};
		9385188C1E764C6C00B82524 /* Release */ = {
			isa = XCBuildConfiguration;
			buildSettings = {
				ASSETCATALOG_COMPILER_APPICON_NAME = AppIcon;
				INFOPLIST_FILE = TutorialOBJC/Info.plist;
				LD_RUNPATH_SEARCH_PATHS = "$(inherited) @executable_path/Frameworks";
				PRODUCT_BUNDLE_IDENTIFIER = kosign.TutorialOBJC;
				PRODUCT_NAME = "$(TARGET_NAME)";
			};
			name = Release;
		};
/* End XCBuildConfiguration section */

/* Begin XCConfigurationList section */
		9385186E1E764C6C00B82524 /* Build configuration list for PBXProject "TutorialOBJC" */ = {
			isa = XCConfigurationList;
			buildConfigurations = (
				938518881E764C6C00B82524 /* Debug */,
				938518891E764C6C00B82524 /* Release */,
			);
			defaultConfigurationIsVisible = 0;
			defaultConfigurationName = Release;
		};
		9385188A1E764C6C00B82524 /* Build configuration list for PBXNativeTarget "TutorialOBJC" */ = {
			isa = XCConfigurationList;
			buildConfigurations = (
				9385188B1E764C6C00B82524 /* Debug */,
				9385188C1E764C6C00B82524 /* Release */,
			);
			defaultConfigurationIsVisible = 0;
			defaultConfigurationName = Release;
		};
/* End XCConfigurationList section */
	};
	rootObject = 9385186B1E764C6C00B82524 /* Project object */;
}
